# THIS IS AN AUTOGENERATED FILE. DO NOT EDIT THIS FILE DIRECTLY.
# yarn lockfile v1


vue-search-select@^2.9.3:
  version "2.9.3"
  resolved "https://registry.yarnpkg.com/vue-search-select/-/vue-search-select-2.9.3.tgz#39ee37da95179b7fdd8e1cb7636e5c0aaee39be2"
  integrity sha512-JQBTSKKX3nAoeeEaSqg2iQDtR1YBs0qZ08os/QDOqFocGPSvAffNb4VajSnlFWJlKQDJcev3iQuBLcWM2pxr0Q==
